prepare:
  cmd: python src/prepare.py
  deps:
  - path: data/iris.csv
    md5: 4d301abed5efe50eccda350cde38e0eb
  - path: src/prepare.py
    md5: 168e4e805b6be31b674d00690671a20b
  outs:
  - path: data/prepared/X_test.csv
    md5: 2a9ba86c95b72e5808139a83d6ebb51d
  - path: data/prepared/X_train.csv
    md5: a8a811e0797652ba3f2962ee4d685938
  - path: data/prepared/y_test.csv
    md5: 1d34fa0b02227c8f0b3444fb65d407e9
  - path: data/prepared/y_train.csv
    md5: 026e6b1b0587e0f4734a0f77cc285b49
train:
  cmd: python src/train.py
  deps:
  - path: data/prepared/X_train.csv
    md5: a8a811e0797652ba3f2962ee4d685938
  - path: data/prepared/y_train.csv
    md5: 026e6b1b0587e0f4734a0f77cc285b49
  - path: src/train.py
    md5: f349ec75fb8e3383517bcc635c6997b2
  outs:
  - path: model/model.joblib
    md5: 46ed8cacacbebb5867aecd2388af2a69
evaluate:
  cmd: python src/evaluate.py
  deps:
  - path: data/prepared/X_test.csv
    md5: 2a9ba86c95b72e5808139a83d6ebb51d
  - path: data/prepared/y_test.csv
    md5: 1d34fa0b02227c8f0b3444fb65d407e9
  - path: model/model.joblib
    md5: 46ed8cacacbebb5867aecd2388af2a69
  - path: src/evaluate.py
    md5: 0e856c0ed99e77bc280539fe6f7269c7
  outs:
  - path: metrics/predict.json
    md5: d1531e4547ecda1cc31a6d3e054fe75c
